
Microsoft Visual Studio Solution File, Format Version 12.00
# Visual Studio Version 16
VisualStudioVersion = 16.0.32106.194
MinimumVisualStudioVersion = 10.0.40219.1
Project("{9A19103F-16F7-4668-BE54-9A1E7A4F7556}") = "UTCrash2", "UTCrash2.csproj", "{B3BAC1E5-2B93-4D2F-9E51-367F0217179B}"
EndProject
Global
	GlobalSection(SolutionConfigurationPlatforms) = preSolution
		Debug|Any CPU = Debug|Any CPU
		Release|Any CPU = Release|Any CPU
	EndGlobalSection
	GlobalSection(ProjectConfigurationPlatforms) = postSolution
		{B3BAC1E5-2B93-4D2F-9E51-367F0217179B}.Debug|Any CPU.ActiveCfg = Debug|Any CPU
		{B3BAC1E5-2B93-4D2F-9E51-367F0217179B}.Debug|Any CPU.Build.0 = Debug|Any CPU
		{B3BAC1E5-2B93-4D2F-9E51-367F0217179B}.Release|Any CPU.ActiveCfg = Release|Any CPU
		{B3BAC1E5-2B93-4D2F-9E51-367F0217179B}.Release|Any CPU.Build.0 = Release|Any CPU
	EndGlobalSection
	GlobalSection(SolutionProperties) = preSolution
		HideSolutionNode = FALSE
	EndGlobalSection
	GlobalSection(ExtensibilityGlobals) = postSolution
		SolutionGuid = {90D8BCA6-2CBC-4A2A-B40F-3EDA3645381B}
	EndGlobalSection
EndGlobal
